<?xml version="1.0" encoding="utf-8"?>
<Project ToolsVersion="15.0" xmlns="http://schemas.microsoft.com/developer/msbuild/2003">
  <ItemGroup>
    <ClCompile Include="C:\Users\Яна\Desktop\Лаба2. Векторы\My\381706-1KoltLaby\ExceptionLib\ExceptionLib.cpp">
      <Filter>Source Files</Filter>
    </ClCompile>
  </ItemGroup>
  <ItemGroup>
    <ClInclude Include="C:\Users\Яна\Desktop\Лаба2. Векторы\My\381706-1KoltLaby\ExceptionLib\ExceptionLib.h">
      <Filter>Header Files</Filter>
    </ClInclude>
  </ItemGroup>
  <ItemGroup>
    <CustomBuild Include="C:\Users\Яна\Desktop\Лаба2. Векторы\My\381706-1KoltLaby\ExceptionLib\CMakeLists.txt" />
  </ItemGroup>
  <ItemGroup>
    <Filter Include="Header Files">
      <UniqueIdentifier>{0C2135F9-73B2-3414-AD4E-2DCFDFCB1424}</UniqueIdentifier>
    </Filter>
    <Filter Include="Source Files">
      <UniqueIdentifier>{FCDE510C-4D33-3F12-AFC7-0A236EB404FA}</UniqueIdentifier>
    </Filter>
  </ItemGroup>
</Project>
