<?xml version="1.0" encoding="utf-8"?>
<Project ToolsVersion="15.0" xmlns="http://schemas.microsoft.com/developer/msbuild/2003">
  <ItemGroup>
    <ClCompile Include="C:\Users\Яна\Desktop\Лаба2. Векторы\My\381706-1KoltLaby\MatrixTest\MatrixTest.cpp">
      <Filter>Source Files</Filter>
    </ClCompile>
    <ClCompile Include="C:\Users\Яна\Desktop\Лаба2. Векторы\My\381706-1KoltLaby\MatrixTest\Test_main.cpp">
      <Filter>Source Files</Filter>
    </ClCompile>
  </ItemGroup>
  <ItemGroup>
    <CustomBuild Include="C:\Users\Яна\Desktop\Лаба2. Векторы\My\381706-1KoltLaby\MatrixTest\CMakeLists.txt" />
  </ItemGroup>
  <ItemGroup>
    <Filter Include="Source Files">
      <UniqueIdentifier>{FCDE510C-4D33-3F12-AFC7-0A236EB404FA}</UniqueIdentifier>
    </Filter>
  </ItemGroup>
</Project>
